// !$*UTF8*$!
{
	archiveVersion = 1;
	classes = {
	};
	objectVersion = 77;
	objects = {

/* Begin PBXBuildFile section */
		A001 /* APEXApp.swift in Sources */ = {isa = PBXBuildFile; fileRef = F001 /* APEXApp.swift */; };
		A002 /* AppConfiguration.swift in Sources */ = {isa = PBXBuildFile; fileRef = F002 /* AppConfiguration.swift */; };
		A003 /* UserProfile.swift in Sources */ = {isa = PBXBuildFile; fileRef = F003 /* UserProfile.swift */; };
		A004 /* SharedEnums.swift in Sources */ = {isa = PBXBuildFile; fileRef = F004 /* SharedEnums.swift */; };
		A005 /* DaySection.swift in Sources */ = {isa = PBXBuildFile; fileRef = F005 /* DaySection.swift */; };
		A006 /* APEXTask.swift in Sources */ = {isa = PBXBuildFile; fileRef = F006 /* APEXTask.swift */; };
		A007 /* WorkoutModels.swift in Sources */ = {isa = PBXBuildFile; fileRef = F007 /* WorkoutModels.swift */; };
		A008 /* NutritionModels.swift in Sources */ = {isa = PBXBuildFile; fileRef = F008 /* NutritionModels.swift */; };
		A009 /* BodyEntry.swift in Sources */ = {isa = PBXBuildFile; fileRef = F009 /* BodyEntry.swift */; };
		A010 /* Reminder.swift in Sources */ = {isa = PBXBuildFile; fileRef = F010 /* Reminder.swift */; };
		A011 /* MobilityModels.swift in Sources */ = {isa = PBXBuildFile; fileRef = F011 /* MobilityModels.swift */; };
		A012 /* ChatMessage.swift in Sources */ = {isa = PBXBuildFile; fileRef = F012 /* ChatMessage.swift */; };
		A013 /* AIService.swift in Sources */ = {isa = PBXBuildFile; fileRef = F013 /* AIService.swift */; };
		A014 /* KeychainService.swift in Sources */ = {isa = PBXBuildFile; fileRef = F014 /* KeychainService.swift */; };
		A015 /* NotificationService.swift in Sources */ = {isa = PBXBuildFile; fileRef = F015 /* NotificationService.swift */; };
		A016 /* HealthKitService.swift in Sources */ = {isa = PBXBuildFile; fileRef = F016 /* HealthKitService.swift */; };
		A017 /* CloudSyncService.swift in Sources */ = {isa = PBXBuildFile; fileRef = F017 /* CloudSyncService.swift */; };
		A018 /* DateExtensions.swift in Sources */ = {isa = PBXBuildFile; fileRef = F018 /* DateExtensions.swift */; };
		A019 /* ViewExtensions.swift in Sources */ = {isa = PBXBuildFile; fileRef = F019 /* ViewExtensions.swift */; };
		A020 /* AppTheme.swift in Sources */ = {isa = PBXBuildFile; fileRef = F020 /* AppTheme.swift */; };
		A021 /* GlassCard.swift in Sources */ = {isa = PBXBuildFile; fileRef = F021 /* GlassCard.swift */; };
		A022 /* RingProgressView.swift in Sources */ = {isa = PBXBuildFile; fileRef = F022 /* RingProgressView.swift */; };
		A023 /* StatCard.swift in Sources */ = {isa = PBXBuildFile; fileRef = F023 /* StatCard.swift */; };
		A024 /* SectionHeader.swift in Sources */ = {isa = PBXBuildFile; fileRef = F024 /* SectionHeader.swift */; };
		A025 /* TaskRow.swift in Sources */ = {isa = PBXBuildFile; fileRef = F025 /* TaskRow.swift */; };
		A026 /* WeekCalendarStrip.swift in Sources */ = {isa = PBXBuildFile; fileRef = F026 /* WeekCalendarStrip.swift */; };
		A027 /* MacroBar.swift in Sources */ = {isa = PBXBuildFile; fileRef = F027 /* MacroBar.swift */; };
		A028 /* AIMessageBubble.swift in Sources */ = {isa = PBXBuildFile; fileRef = F028 /* AIMessageBubble.swift */; };
		A029 /* ExerciseRow.swift in Sources */ = {isa = PBXBuildFile; fileRef = F029 /* ExerciseRow.swift */; };
		A030 /* BodyPhotoCard.swift in Sources */ = {isa = PBXBuildFile; fileRef = F030 /* BodyPhotoCard.swift */; };
		A031 /* APEXAnimations.swift in Sources */ = {isa = PBXBuildFile; fileRef = F031 /* APEXAnimations.swift */; };
		A032 /* OnboardingView.swift in Sources */ = {isa = PBXBuildFile; fileRef = F032 /* OnboardingView.swift */; };
		A033 /* OnboardingSteps.swift in Sources */ = {isa = PBXBuildFile; fileRef = F033 /* OnboardingSteps.swift */; };
		A034 /* MainTabView.swift in Sources */ = {isa = PBXBuildFile; fileRef = F034 /* MainTabView.swift */; };
		A035 /* DashboardView.swift in Sources */ = {isa = PBXBuildFile; fileRef = F035 /* DashboardView.swift */; };
		A036 /* DayPlannerView.swift in Sources */ = {isa = PBXBuildFile; fileRef = F036 /* DayPlannerView.swift */; };
		A037 /* TaskEditorView.swift in Sources */ = {isa = PBXBuildFile; fileRef = F037 /* TaskEditorView.swift */; };
		A038 /* SectionEditorView.swift in Sources */ = {isa = PBXBuildFile; fileRef = F038 /* SectionEditorView.swift */; };
		A039 /* TrainingRootView.swift in Sources */ = {isa = PBXBuildFile; fileRef = F039 /* TrainingRootView.swift */; };
		A040 /* WorkoutSessionEditorView.swift in Sources */ = {isa = PBXBuildFile; fileRef = F040 /* WorkoutSessionEditorView.swift */; };
		A041 /* ActiveWorkoutView.swift in Sources */ = {isa = PBXBuildFile; fileRef = F041 /* ActiveWorkoutView.swift */; };
		A042 /* ProgressRootView.swift in Sources */ = {isa = PBXBuildFile; fileRef = F042 /* ProgressRootView.swift */; };
		A043 /* NutritionRootView.swift in Sources */ = {isa = PBXBuildFile; fileRef = F043 /* NutritionRootView.swift */; };
		A044 /* AICoachView.swift in Sources */ = {isa = PBXBuildFile; fileRef = F044 /* AICoachView.swift */; };
		A045 /* RemindersView.swift in Sources */ = {isa = PBXBuildFile; fileRef = F045 /* RemindersView.swift */; };
		A046 /* MobilityView.swift in Sources */ = {isa = PBXBuildFile; fileRef = F046 /* MobilityView.swift */; };
		A047 /* SettingsView.swift in Sources */ = {isa = PBXBuildFile; fileRef = F047 /* SettingsView.swift */; };
		W001 /* APEXWidget.swift in Sources */ = {isa = PBXBuildFile; fileRef = WF001 /* APEXWidget.swift */; };
/* End PBXBuildFile section */

/* Begin PBXFileReference section */
		F001 /* APEXApp.swift */ = {isa = PBXFileReference; lastKnownFileType = sourcecode.swift; path = APEXApp.swift; sourceTree = "<group>"; };
		F002 /* AppConfiguration.swift */ = {isa = PBXFileReference; lastKnownFileType = sourcecode.swift; path = AppConfiguration.swift; sourceTree = "<group>"; };
		F003 /* UserProfile.swift */ = {isa = PBXFileReference; lastKnownFileType = sourcecode.swift; path = UserProfile.swift; sourceTree = "<group>"; };
		F004 /* SharedEnums.swift */ = {isa = PBXFileReference; lastKnownFileType = sourcecode.swift; path = SharedEnums.swift; sourceTree = "<group>"; };
		F005 /* DaySection.swift */ = {isa = PBXFileReference; lastKnownFileType = sourcecode.swift; path = DaySection.swift; sourceTree = "<group>"; };
		F006 /* APEXTask.swift */ = {isa = PBXFileReference; lastKnownFileType = sourcecode.swift; path = APEXTask.swift; sourceTree = "<group>"; };
		F007 /* WorkoutModels.swift */ = {isa = PBXFileReference; lastKnownFileType = sourcecode.swift; path = WorkoutModels.swift; sourceTree = "<group>"; };
		F008 /* NutritionModels.swift */ = {isa = PBXFileReference; lastKnownFileType = sourcecode.swift; path = NutritionModels.swift; sourceTree = "<group>"; };
		F009 /* BodyEntry.swift */ = {isa = PBXFileReference; lastKnownFileType = sourcecode.swift; path = BodyEntry.swift; sourceTree = "<group>"; };
		F010 /* Reminder.swift */ = {isa = PBXFileReference; lastKnownFileType = sourcecode.swift; path = Reminder.swift; sourceTree = "<group>"; };
		F011 /* MobilityModels.swift */ = {isa = PBXFileReference; lastKnownFileType = sourcecode.swift; path = MobilityModels.swift; sourceTree = "<group>"; };
		F012 /* ChatMessage.swift */ = {isa = PBXFileReference; lastKnownFileType = sourcecode.swift; path = ChatMessage.swift; sourceTree = "<group>"; };
		F013 /* AIService.swift */ = {isa = PBXFileReference; lastKnownFileType = sourcecode.swift; path = AIService.swift; sourceTree = "<group>"; };
		F014 /* KeychainService.swift */ = {isa = PBXFileReference; lastKnownFileType = sourcecode.swift; path = KeychainService.swift; sourceTree = "<group>"; };
		F015 /* NotificationService.swift */ = {isa = PBXFileReference; lastKnownFileType = sourcecode.swift; path = NotificationService.swift; sourceTree = "<group>"; };
		F016 /* HealthKitService.swift */ = {isa = PBXFileReference; lastKnownFileType = sourcecode.swift; path = HealthKitService.swift; sourceTree = "<group>"; };
		F017 /* CloudSyncService.swift */ = {isa = PBXFileReference; lastKnownFileType = sourcecode.swift; path = CloudSyncService.swift; sourceTree = "<group>"; };
		F018 /* DateExtensions.swift */ = {isa = PBXFileReference; lastKnownFileType = sourcecode.swift; path = DateExtensions.swift; sourceTree = "<group>"; };
		F019 /* ViewExtensions.swift */ = {isa = PBXFileReference; lastKnownFileType = sourcecode.swift; path = ViewExtensions.swift; sourceTree = "<group>"; };
		F020 /* AppTheme.swift */ = {isa = PBXFileReference; lastKnownFileType = sourcecode.swift; path = AppTheme.swift; sourceTree = "<group>"; };
		F021 /* GlassCard.swift */ = {isa = PBXFileReference; lastKnownFileType = sourcecode.swift; path = GlassCard.swift; sourceTree = "<group>"; };
		F022 /* RingProgressView.swift */ = {isa = PBXFileReference; lastKnownFileType = sourcecode.swift; path = RingProgressView.swift; sourceTree = "<group>"; };
		F023 /* StatCard.swift */ = {isa = PBXFileReference; lastKnownFileType = sourcecode.swift; path = StatCard.swift; sourceTree = "<group>"; };
		F024 /* SectionHeader.swift */ = {isa = PBXFileReference; lastKnownFileType = sourcecode.swift; path = SectionHeader.swift; sourceTree = "<group>"; };
		F025 /* TaskRow.swift */ = {isa = PBXFileReference; lastKnownFileType = sourcecode.swift; path = TaskRow.swift; sourceTree = "<group>"; };
		F026 /* WeekCalendarStrip.swift */ = {isa = PBXFileReference; lastKnownFileType = sourcecode.swift; path = WeekCalendarStrip.swift; sourceTree = "<group>"; };
		F027 /* MacroBar.swift */ = {isa = PBXFileReference; lastKnownFileType = sourcecode.swift; path = MacroBar.swift; sourceTree = "<group>"; };
		F028 /* AIMessageBubble.swift */ = {isa = PBXFileReference; lastKnownFileType = sourcecode.swift; path = AIMessageBubble.swift; sourceTree = "<group>"; };
		F029 /* ExerciseRow.swift */ = {isa = PBXFileReference; lastKnownFileType = sourcecode.swift; path = ExerciseRow.swift; sourceTree = "<group>"; };
		F030 /* BodyPhotoCard.swift */ = {isa = PBXFileReference; lastKnownFileType = sourcecode.swift; path = BodyPhotoCard.swift; sourceTree = "<group>"; };
		F031 /* APEXAnimations.swift */ = {isa = PBXFileReference; lastKnownFileType = sourcecode.swift; path = APEXAnimations.swift; sourceTree = "<group>"; };
		F032 /* OnboardingView.swift */ = {isa = PBXFileReference; lastKnownFileType = sourcecode.swift; path = OnboardingView.swift; sourceTree = "<group>"; };
		F033 /* OnboardingSteps.swift */ = {isa = PBXFileReference; lastKnownFileType = sourcecode.swift; path = OnboardingSteps.swift; sourceTree = "<group>"; };
		F034 /* MainTabView.swift */ = {isa = PBXFileReference; lastKnownFileType = sourcecode.swift; path = MainTabView.swift; sourceTree = "<group>"; };
		F035 /* DashboardView.swift */ = {isa = PBXFileReference; lastKnownFileType = sourcecode.swift; path = DashboardView.swift; sourceTree = "<group>"; };
		F036 /* DayPlannerView.swift */ = {isa = PBXFileReference; lastKnownFileType = sourcecode.swift; path = DayPlannerView.swift; sourceTree = "<group>"; };
		F037 /* TaskEditorView.swift */ = {isa = PBXFileReference; lastKnownFileType = sourcecode.swift; path = TaskEditorView.swift; sourceTree = "<group>"; };
		F038 /* SectionEditorView.swift */ = {isa = PBXFileReference; lastKnownFileType = sourcecode.swift; path = SectionEditorView.swift; sourceTree = "<group>"; };
		F039 /* TrainingRootView.swift */ = {isa = PBXFileReference; lastKnownFileType = sourcecode.swift; path = TrainingRootView.swift; sourceTree = "<group>"; };
		F040 /* WorkoutSessionEditorView.swift */ = {isa = PBXFileReference; lastKnownFileType = sourcecode.swift; path = WorkoutSessionEditorView.swift; sourceTree = "<group>"; };
		F041 /* ActiveWorkoutView.swift */ = {isa = PBXFileReference; lastKnownFileType = sourcecode.swift; path = ActiveWorkoutView.swift; sourceTree = "<group>"; };
		F042 /* ProgressRootView.swift */ = {isa = PBXFileReference; lastKnownFileType = sourcecode.swift; path = ProgressRootView.swift; sourceTree = "<group>"; };
		F043 /* NutritionRootView.swift */ = {isa = PBXFileReference; lastKnownFileType = sourcecode.swift; path = NutritionRootView.swift; sourceTree = "<group>"; };
		F044 /* AICoachView.swift */ = {isa = PBXFileReference; lastKnownFileType = sourcecode.swift; path = AICoachView.swift; sourceTree = "<group>"; };
		F045 /* RemindersView.swift */ = {isa = PBXFileReference; lastKnownFileType = sourcecode.swift; path = RemindersView.swift; sourceTree = "<group>"; };
		F046 /* MobilityView.swift */ = {isa = PBXFileReference; lastKnownFileType = sourcecode.swift; path = MobilityView.swift; sourceTree = "<group>"; };
		F047 /* SettingsView.swift */ = {isa = PBXFileReference; lastKnownFileType = sourcecode.swift; path = SettingsView.swift; sourceTree = "<group>"; };
		WF001 /* APEXWidget.swift */ = {isa = PBXFileReference; lastKnownFileType = sourcecode.swift; path = APEXWidget.swift; sourceTree = "<group>"; };
		PROD001 /* APEX.app */ = {isa = PBXFileReference; explicitFileType = wrapper.application; includeInIndex = 0; path = APEX.app; sourceTree = BUILT_PRODUCTS_DIR; };
		PROD002 /* APEXWidget.appex */ = {isa = PBXFileReference; explicitFileType = "wrapper.app-extension"; includeInIndex = 0; path = APEXWidget.appex; sourceTree = BUILT_PRODUCTS_DIR; };
		INFO001 /* Info.plist */ = {isa = PBXFileReference; lastKnownFileType = text.plist.xml; path = Info.plist; sourceTree = "<group>"; };
		INFO002 /* WidgetInfo.plist */ = {isa = PBXFileReference; lastKnownFileType = text.plist.xml; path = WidgetInfo.plist; sourceTree = "<group>"; };
/* End PBXFileReference section */

/* Begin PBXGroup section */
		MAINGROUP = {
			isa = PBXGroup;
			children = (
				APEXGROUP,
				WIDGETGROUP,
				PRODUCTSGROUP,
			);
			sourceTree = "<group>";
		};
		PRODUCTSGROUP = {
			isa = PBXGroup;
			children = (
				PROD001,
				PROD002,
			);
			name = Products;
			sourceTree = "<group>";
		};
		APEXGROUP = {
			isa = PBXGroup;
			children = (
				APPGROUP,
				COREGROUP,
				FEATURESGROUP,
				UIGROUP,
				INFO001,
			);
			name = APEX;
			path = APEX;
			sourceTree = "<group>";
		};
		APPGROUP = {
			isa = PBXGroup;
			children = (
				F001,
				F002,
			);
			name = App;
			path = App;
			sourceTree = "<group>";
		};
		COREGROUP = {
			isa = PBXGroup;
			children = (
				MODELSGROUP,
				SERVICESGROUP,
				EXTENSIONSGROUP,
			);
			name = Core;
			path = Core;
			sourceTree = "<group>";
		};
		MODELSGROUP = {
			isa = PBXGroup;
			children = (
				F003, F004, F005, F006, F007, F008, F009, F010, F011, F012,
			);
			name = Models;
			path = Models;
			sourceTree = "<group>";
		};
		SERVICESGROUP = {
			isa = PBXGroup;
			children = (
				F013, F014, F015, F016, F017,
			);
			name = Services;
			path = Services;
			sourceTree = "<group>";
		};
		EXTENSIONSGROUP = {
			isa = PBXGroup;
			children = (
				F018, F019,
			);
			name = Extensions;
			path = Extensions;
			sourceTree = "<group>";
		};
		FEATURESGROUP = {
			isa = PBXGroup;
			children = (
				F032, F033,
				F034, F035,
				F036, F037, F038,
				F039, F040, F041,
				F042,
				F043,
				F044,
				F045,
				F046,
				F047,
			);
			name = Features;
			path = Features;
			sourceTree = "<group>";
		};
		UIGROUP = {
			isa = PBXGroup;
			children = (
				F020,
				F021, F022, F023, F024, F025, F026, F027, F028, F029, F030,
				F031,
			);
			name = UI;
			path = UI;
			sourceTree = "<group>";
		};
		WIDGETGROUP = {
			isa = PBXGroup;
			children = (
				WF001,
				INFO002,
			);
			name = Widget;
			path = APEX/Widget;
			sourceTree = "<group>";
		};
/* End PBXGroup section */

/* Begin PBXNativeTarget section */
		TARGET001 /* APEX */ = {
			isa = PBXNativeTarget;
			buildConfigurationList = BLDCFGLIST001;
			buildPhases = (
				SOURCES001,
				FRAMEWORKS001,
				RESOURCES001,
			);
			buildRules = ();
			dependencies = (
				TARGETDEP001,
			);
			name = APEX;
			productName = APEX;
			productReference = PROD001;
			productType = "com.apple.product-type.application";
		};
		TARGET002 /* APEXWidget */ = {
			isa = PBXNativeTarget;
			buildConfigurationList = BLDCFGLIST002;
			buildPhases = (
				SOURCES002,
				FRAMEWORKS002,
				RESOURCES002,
			);
			buildRules = ();
			dependencies = ();
			name = APEXWidget;
			productName = APEXWidget;
			productReference = PROD002;
			productType = "com.apple.product-type.app-extension";
		};
/* End PBXNativeTarget section */

/* Begin PBXProject section */
		PROJECT = {
			isa = PBXProject;
			attributes = {
				BuildIndependentTargetsInParallel = 1;
				LastSwiftUpdateCheck = 1600;
				LastUpgradeCheck = 1600;
				TargetAttributes = {
					TARGET001 = {
						CreatedOnToolsVersion = 16.0;
					};
					TARGET002 = {
						CreatedOnToolsVersion = 16.0;
					};
				};
			};
			buildConfigurationList = BLDCFGLISTPROJ;
			compatibilityVersion = "Xcode 14.0";
			developmentRegion = de;
			hasScannedForEncodings = 0;
			knownRegions = (
				en,
				de,
				Base,
			);
			mainGroup = MAINGROUP;
			productRefGroup = PRODUCTSGROUP;
			projectDirPath = "";
			projectRoot = "";
			targets = (
				TARGET001,
				TARGET002,
			);
		};
/* End PBXProject section */

/* Begin PBXSourcesBuildPhase section */
		SOURCES001 = {
			isa = PBXSourcesBuildPhase;
			buildActionMask = 2147483647;
			files = (
				A001, A002, A003, A004, A005, A006, A007, A008, A009, A010,
				A011, A012, A013, A014, A015, A016, A017, A018, A019, A020,
				A021, A022, A023, A024, A025, A026, A027, A028, A029, A030,
				A031, A032, A033, A034, A035, A036, A037, A038, A039, A040,
				A041, A042, A043, A044, A045, A046, A047,
			);
			runOnlyForDeploymentPostprocessing = 0;
		};
		SOURCES002 = {
			isa = PBXSourcesBuildPhase;
			buildActionMask = 2147483647;
			files = (
				W001,
			);
			runOnlyForDeploymentPostprocessing = 0;
		};
/* End PBXSourcesBuildPhase section */

/* Begin PBXFrameworksBuildPhase section */
		FRAMEWORKS001 = {
			isa = PBXFrameworksBuildPhase;
			buildActionMask = 2147483647;
			files = ();
			runOnlyForDeploymentPostprocessing = 0;
		};
		FRAMEWORKS002 = {
			isa = PBXFrameworksBuildPhase;
			buildActionMask = 2147483647;
			files = ();
			runOnlyForDeploymentPostprocessing = 0;
		};
/* End PBXFrameworksBuildPhase section */

/* Begin PBXResourcesBuildPhase section */
		RESOURCES001 = {
			isa = PBXResourcesBuildPhase;
			buildActionMask = 2147483647;
			files = ();
			runOnlyForDeploymentPostprocessing = 0;
		};
		RESOURCES002 = {
			isa = PBXResourcesBuildPhase;
			buildActionMask = 2147483647;
			files = ();
			runOnlyForDeploymentPostprocessing = 0;
		};
/* End PBXResourcesBuildPhase section */

/* Begin PBXTargetDependency section */
		TARGETDEP001 = {
			isa = PBXTargetDependency;
			target = TARGET002;
		};
/* End PBXTargetDependency section */

/* Begin XCBuildConfiguration section */
		BLDCFG_DEBUG_PROJ = {
			isa = XCBuildConfiguration;
			buildSettings = {
				ALWAYS_SEARCH_USER_PATHS = NO;
				CLANG_ANALYZER_NONNULL = YES;
				CLANG_ANALYZER_NUMBER_OBJECT_CONVERSION = YES_AGGRESSIVE;
				CLANG_CXX_LANGUAGE_STANDARD = "gnu++20";
				CLANG_ENABLE_MODULES = YES;
				CLANG_ENABLE_OBJC_ARC = YES;
				CLANG_ENABLE_OBJC_WEAK = YES;
				CLANG_WARN_BLOCK_CAPTURE_AUTORELEASING = YES;
				CLANG_WARN_BOOL_CONVERSION = YES;
				CLANG_WARN_COMMA = YES;
				CLANG_WARN_CONSTANT_CONVERSION = YES;
				CLANG_WARN_DEPRECATED_OBJC_IMPLEMENTATIONS = YES;
				CLANG_WARN_DIRECT_OBJC_ISA_USAGE = YES_ERROR;
				CLANG_WARN_DOCUMENTATION_COMMENTS = YES;
				CLANG_WARN_EMPTY_BODY = YES;
				CLANG_WARN_ENUM_CONVERSION = YES;
				CLANG_WARN_INFINITE_RECURSION = YES;
				CLANG_WARN_INT_CONVERSION = YES;
				CLANG_WARN_NON_LITERAL_NULL_CONVERSION = YES;
				CLANG_WARN_OBJC_IMPLICIT_RETAIN_SELF = YES;
				CLANG_WARN_OBJC_LITERAL_CONVERSION = YES;
				CLANG_WARN_OBJC_ROOT_CLASS = YES_ERROR;
				CLANG_WARN_QUOTED_INCLUDE_IN_FRAMEWORK_HEADER = YES;
				CLANG_WARN_RANGE_LOOP_ANALYSIS = YES;
				CLANG_WARN_STRICT_PROTOTYPES = YES;
				CLANG_WARN_SUSPICIOUS_MOVE = YES;
				CLANG_WARN_UNGUARDED_AVAILABILITY = YES_AGGRESSIVE;
				CLANG_WARN_UNREACHABLE_CODE = YES;
				CLANG_WARN__DUPLICATE_METHOD_MATCH = YES;
				COPY_PHASE_STRIP = NO;
				DEBUG_INFORMATION_FORMAT = dwarf;
				ENABLE_STRICT_OBJC_MSGSEND = YES;
				ENABLE_TESTABILITY = YES;
				ENABLE_USER_SCRIPT_SANDBOXING = YES;
				GCC_C_LANGUAGE_STANDARD = gnu17;
				GCC_DYNAMIC_NO_PIC = NO;
				GCC_NO_COMMON_BLOCKS = YES;
				GCC_OPTIMIZATION_LEVEL = 0;
				GCC_PREPROCESSOR_DEFINITIONS = (
					"DEBUG=1",
					"$(inherited)",
				);
				GCC_WARN_64_TO_32_BIT_CONVERSION = YES;
				GCC_WARN_ABOUT_RETURN_TYPE = YES_ERROR;
				GCC_WARN_UNDECLARED_SELECTOR = YES;
				GCC_WARN_UNINITIALIZED_AUTOS = YES_AGGRESSIVE;
				GCC_WARN_UNUSED_FUNCTION = YES;
				GCC_WARN_UNUSED_VARIABLE = YES;
				IPHONEOS_DEPLOYMENT_TARGET = 17.0;
				MTL_ENABLE_DEBUG_INFO = INCLUDE_SOURCE;
				MTL_FAST_MATH = YES;
				ONLY_ACTIVE_ARCH = YES;
				SDKROOT = iphoneos;
				SWIFT_ACTIVE_COMPILATION_CONDITIONS = "DEBUG $(inherited)";
				SWIFT_OPTIMIZATION_LEVEL = "-Onone";
			};
			name = Debug;
		};
		BLDCFG_RELEASE_PROJ = {
			isa = XCBuildConfiguration;
			buildSettings = {
				ALWAYS_SEARCH_USER_PATHS = NO;
				CLANG_ANALYZER_NONNULL = YES;
				CLANG_ANALYZER_NUMBER_OBJECT_CONVERSION = YES_AGGRESSIVE;
				CLANG_CXX_LANGUAGE_STANDARD = "gnu++20";
				CLANG_ENABLE_MODULES = YES;
				CLANG_ENABLE_OBJC_ARC = YES;
				CLANG_ENABLE_OBJC_WEAK = YES;
				COPY_PHASE_STRIP = NO;
				DEBUG_INFORMATION_FORMAT = "dwarf-with-dsym";
				ENABLE_NS_ASSERTIONS = NO;
				ENABLE_STRICT_OBJC_MSGSEND = YES;
				ENABLE_USER_SCRIPT_SANDBOXING = YES;
				GCC_C_LANGUAGE_STANDARD = gnu17;
				GCC_NO_COMMON_BLOCKS = YES;
				GCC_WARN_64_TO_32_BIT_CONVERSION = YES;
				GCC_WARN_ABOUT_RETURN_TYPE = YES_ERROR;
				GCC_WARN_UNDECLARED_SELECTOR = YES;
				GCC_WARN_UNINITIALIZED_AUTOS = YES_AGGRESSIVE;
				GCC_WARN_UNUSED_FUNCTION = YES;
				GCC_WARN_UNUSED_VARIABLE = YES;
				IPHONEOS_DEPLOYMENT_TARGET = 17.0;
				MTL_FAST_MATH = YES;
				SDKROOT = iphoneos;
				SWIFT_COMPILATION_MODE = wholemodule;
				SWIFT_OPTIMIZATION_LEVEL = "-O";
				VALIDATE_PRODUCT = YES;
			};
			name = Release;
		};
		BLDCFG_DEBUG_APEX = {
			isa = XCBuildConfiguration;
			buildSettings = {
				ASSETCATALOG_COMPILER_APPICON_NAME = AppIcon;
				ASSETCATALOG_COMPILER_GLOBAL_ACCENT_COLOR_NAME = AccentColor;
				CODE_SIGN_STYLE = Automatic;
				CURRENT_PROJECT_VERSION = 1;
				DEVELOPMENT_ASSET_PATHS = "";
				ENABLE_PREVIEWS = YES;
				GENERATE_INFOPLIST_FILE = YES;
				INFOPLIST_FILE = "APEX/Info.plist";
				INFOPLIST_KEY_NSHealthShareUsageDescription = "APEX liest Gesundheitsdaten, um dir personalisierte Einblicke zu bieten.";
				INFOPLIST_KEY_NSHealthUpdateUsageDescription = "APEX speichert dein Gewicht und Wasseraufnahme in Apple Health.";
				INFOPLIST_KEY_NSCameraUsageDescription = "APEX benötigt Kamerazugriff für Körperfotos und KI-Mahlzeitanalyse.";
				INFOPLIST_KEY_NSPhotoLibraryUsageDescription = "APEX speichert Fortschrittsfotos in deiner Fotomediathek.";
				INFOPLIST_KEY_UIApplicationSceneManifest_Generation = YES;
				INFOPLIST_KEY_UIApplicationSupportsIndirectInputEvents = YES;
				INFOPLIST_KEY_UILaunchScreen_Generation = YES;
				INFOPLIST_KEY_UISupportedInterfaceOrientations_iPhone = UIInterfaceOrientationPortrait;
				IPHONEOS_DEPLOYMENT_TARGET = 17.0;
				LD_RUNPATH_SEARCH_PATHS = (
					"$(inherited)",
					"@executable_path/Frameworks",
				);
				MARKETING_VERSION = 1.0;
				PRODUCT_BUNDLE_IDENTIFIER = com.apex.fitness;
				PRODUCT_NAME = "$(TARGET_NAME)";
				SWIFT_EMIT_LOC_STRINGS = YES;
				SWIFT_VERSION = 5.0;
				TARGETED_DEVICE_FAMILY = 1;
			};
			name = Debug;
		};
		BLDCFG_RELEASE_APEX = {
			isa = XCBuildConfiguration;
			buildSettings = {
				ASSETCATALOG_COMPILER_APPICON_NAME = AppIcon;
				ASSETCATALOG_COMPILER_GLOBAL_ACCENT_COLOR_NAME = AccentColor;
				CODE_SIGN_STYLE = Automatic;
				CURRENT_PROJECT_VERSION = 1;
				ENABLE_PREVIEWS = YES;
				GENERATE_INFOPLIST_FILE = YES;
				INFOPLIST_FILE = "APEX/Info.plist";
				INFOPLIST_KEY_NSHealthShareUsageDescription = "APEX liest Gesundheitsdaten, um dir personalisierte Einblicke zu bieten.";
				INFOPLIST_KEY_NSHealthUpdateUsageDescription = "APEX speichert dein Gewicht und Wasseraufnahme in Apple Health.";
				INFOPLIST_KEY_NSCameraUsageDescription = "APEX benötigt Kamerazugriff für Körperfotos und KI-Mahlzeitanalyse.";
				INFOPLIST_KEY_NSPhotoLibraryUsageDescription = "APEX speichert Fortschrittsfotos in deiner Fotomediathek.";
				INFOPLIST_KEY_UIApplicationSceneManifest_Generation = YES;
				INFOPLIST_KEY_UIApplicationSupportsIndirectInputEvents = YES;
				INFOPLIST_KEY_UILaunchScreen_Generation = YES;
				INFOPLIST_KEY_UISupportedInterfaceOrientations_iPhone = UIInterfaceOrientationPortrait;
				IPHONEOS_DEPLOYMENT_TARGET = 17.0;
				LD_RUNPATH_SEARCH_PATHS = (
					"$(inherited)",
					"@executable_path/Frameworks",
				);
				MARKETING_VERSION = 1.0;
				PRODUCT_BUNDLE_IDENTIFIER = com.apex.fitness;
				PRODUCT_NAME = "$(TARGET_NAME)";
				SWIFT_EMIT_LOC_STRINGS = YES;
				SWIFT_VERSION = 5.0;
				TARGETED_DEVICE_FAMILY = 1;
			};
			name = Release;
		};
		BLDCFG_DEBUG_WIDGET = {
			isa = XCBuildConfiguration;
			buildSettings = {
				CODE_SIGN_STYLE = Automatic;
				CURRENT_PROJECT_VERSION = 1;
				GENERATE_INFOPLIST_FILE = YES;
				INFOPLIST_FILE = "APEX/Widget/WidgetInfo.plist";
				INFOPLIST_KEY_CFBundleDisplayName = APEXWidget;
				INFOPLIST_KEY_NSExtension_NSExtensionPointIdentifier = "com.apple.widgetkit-extension";
				IPHONEOS_DEPLOYMENT_TARGET = 17.0;
				LD_RUNPATH_SEARCH_PATHS = (
					"$(inherited)",
					"@executable_path/Frameworks",
					"@executable_path/../../Frameworks",
				);
				MARKETING_VERSION = 1.0;
				PRODUCT_BUNDLE_IDENTIFIER = com.apex.fitness.widget;
				PRODUCT_NAME = "$(TARGET_NAME)";
				SKIP_INSTALL = YES;
				SWIFT_EMIT_LOC_STRINGS = YES;
				SWIFT_VERSION = 5.0;
				TARGETED_DEVICE_FAMILY = 1;
			};
			name = Debug;
		};
		BLDCFG_RELEASE_WIDGET = {
			isa = XCBuildConfiguration;
			buildSettings = {
				CODE_SIGN_STYLE = Automatic;
				CURRENT_PROJECT_VERSION = 1;
				GENERATE_INFOPLIST_FILE = YES;
				INFOPLIST_FILE = "APEX/Widget/WidgetInfo.plist";
				INFOPLIST_KEY_CFBundleDisplayName = APEXWidget;
				INFOPLIST_KEY_NSExtension_NSExtensionPointIdentifier = "com.apple.widgetkit-extension";
				IPHONEOS_DEPLOYMENT_TARGET = 17.0;
				LD_RUNPATH_SEARCH_PATHS = (
					"$(inherited)",
					"@executable_path/Frameworks",
					"@executable_path/../../Frameworks",
				);
				MARKETING_VERSION = 1.0;
				PRODUCT_BUNDLE_IDENTIFIER = com.apex.fitness.widget;
				PRODUCT_NAME = "$(TARGET_NAME)";
				SKIP_INSTALL = YES;
				SWIFT_EMIT_LOC_STRINGS = YES;
				SWIFT_VERSION = 5.0;
				TARGETED_DEVICE_FAMILY = 1;
			};
			name = Release;
		};
/* End XCBuildConfiguration section */

/* Begin XCConfigurationList section */
		BLDCFGLISTPROJ = {
			isa = XCConfigurationList;
			buildConfigurations = (
				BLDCFG_DEBUG_PROJ,
				BLDCFG_RELEASE_PROJ,
			);
			defaultConfigurationIsVisible = 0;
			defaultConfigurationName = Release;
		};
		BLDCFGLIST001 = {
			isa = XCConfigurationList;
			buildConfigurations = (
				BLDCFG_DEBUG_APEX,
				BLDCFG_RELEASE_APEX,
			);
			defaultConfigurationIsVisible = 0;
			defaultConfigurationName = Release;
		};
		BLDCFGLIST002 = {
			isa = XCConfigurationList;
			buildConfigurations = (
				BLDCFG_DEBUG_WIDGET,
				BLDCFG_RELEASE_WIDGET,
			);
			defaultConfigurationIsVisible = 0;
			defaultConfigurationName = Release;
		};
/* End XCConfigurationList section */
	};
	rootObject = PROJECT;
}
